
Microsoft Visual Studio Solution File, Format Version 12.00
# Visual Studio 2013
VisualStudioVersion = 12.0.21005.1
MinimumVisualStudioVersion = 10.0.40219.1
Project("{FAE04EC0-301F-11D3-BF4B-00C04F79EFBC}") = "Task1", "Task1\Task1.csproj", "{37436C06-8ECF-4222-AF42-010AD3328EBB}"
EndProject
Project("{FAE04EC0-301F-11D3-BF4B-00C04F79EFBC}") = "Task2", "Task2\Task2.csproj", "{6ADF710B-E149-4C92-A551-27EBB0150336}"
EndProject
Project("{FAE04EC0-301F-11D3-BF4B-00C04F79EFBC}") = "Task3", "Task3\Task3.csproj", "{B78AE41B-3DBE-4616-8712-F21D3176FEDA}"
EndProject
Project("{FAE04EC0-301F-11D3-BF4B-00C04F79EFBC}") = "Task4", "Task4\Task4.csproj", "{EEF9B72D-6FAB-4DE3-AD9B-94BE6E3899C6}"
EndProject
Global
	GlobalSection(SolutionConfigurationPlatforms) = preSolution
		Debug|Any CPU = Debug|Any CPU
		Release|Any CPU = Release|Any CPU
	EndGlobalSection
	GlobalSection(ProjectConfigurationPlatforms) = postSolution
		{37436C06-8ECF-4222-AF42-010AD3328EBB}.Debug|Any CPU.ActiveCfg = Debug|Any CPU
		{37436C06-8ECF-4222-AF42-010AD3328EBB}.Debug|Any CPU.Build.0 = Debug|Any CPU
		{37436C06-8ECF-4222-AF42-010AD3328EBB}.Release|Any CPU.ActiveCfg = Release|Any CPU
		{37436C06-8ECF-4222-AF42-010AD3328EBB}.Release|Any CPU.Build.0 = Release|Any CPU
		{6ADF710B-E149-4C92-A551-27EBB0150336}.Debug|Any CPU.ActiveCfg = Debug|Any CPU
		{6ADF710B-E149-4C92-A551-27EBB0150336}.Debug|Any CPU.Build.0 = Debug|Any CPU
		{6ADF710B-E149-4C92-A551-27EBB0150336}.Release|Any CPU.ActiveCfg = Release|Any CPU
		{6ADF710B-E149-4C92-A551-27EBB0150336}.Release|Any CPU.Build.0 = Release|Any CPU
		{B78AE41B-3DBE-4616-8712-F21D3176FEDA}.Debug|Any CPU.ActiveCfg = Debug|Any CPU
		{B78AE41B-3DBE-4616-8712-F21D3176FEDA}.Debug|Any CPU.Build.0 = Debug|Any CPU
		{B78AE41B-3DBE-4616-8712-F21D3176FEDA}.Release|Any CPU.ActiveCfg = Release|Any CPU
		{B78AE41B-3DBE-4616-8712-F21D3176FEDA}.Release|Any CPU.Build.0 = Release|Any CPU
		{EEF9B72D-6FAB-4DE3-AD9B-94BE6E3899C6}.Debug|Any CPU.ActiveCfg = Debug|Any CPU
		{EEF9B72D-6FAB-4DE3-AD9B-94BE6E3899C6}.Debug|Any CPU.Build.0 = Debug|Any CPU
		{EEF9B72D-6FAB-4DE3-AD9B-94BE6E3899C6}.Release|Any CPU.ActiveCfg = Release|Any CPU
		{EEF9B72D-6FAB-4DE3-AD9B-94BE6E3899C6}.Release|Any CPU.Build.0 = Release|Any CPU
	EndGlobalSection
	GlobalSection(SolutionProperties) = preSolution
		HideSolutionNode = FALSE
	EndGlobalSection
EndGlobal
